
Microsoft Visual Studio Solution File, Format Version 12.00
# Visual Studio 2017
Project("{FAE04EC0-301F-11D3-BF4B-00C04F79EFBC}") = "AulaVRLaSalle.Plugins", "AulaVRLaSalle.Plugins.csproj", "{97C13F72-8A67-9A4F-9C74-EA82883A49C8}"
EndProject
Project("{FAE04EC0-301F-11D3-BF4B-00C04F79EFBC}") = "AulaVRLaSalle", "AulaVRLaSalle.csproj", "{89D1D78A-6EC0-DEFB-2D1F-E03942031F73}"
EndProject
Project("{FAE04EC0-301F-11D3-BF4B-00C04F79EFBC}") = "AulaVRLaSalle.Editor.Plugins", "AulaVRLaSalle.Editor.Plugins.csproj", "{98A2355B-0E10-11FF-5168-45A5FAE440B1}"
EndProject
Project("{FAE04EC0-301F-11D3-BF4B-00C04F79EFBC}") = "AulaVRLaSalle.Editor", "AulaVRLaSalle.Editor.csproj", "{3E3B5635-3684-BB56-193F-DBAE6BD89BE5}"
EndProject
Global
	GlobalSection(SolutionConfigurationPlatforms) = preSolution
		Debug|Any CPU = Debug|Any CPU
		Release|Any CPU = Release|Any CPU
	EndGlobalSection
	GlobalSection(ProjectConfigurationPlatforms) = postSolution
		{97C13F72-8A67-9A4F-9C74-EA82883A49C8}.Debug|Any CPU.ActiveCfg = Debug|Any CPU
		{97C13F72-8A67-9A4F-9C74-EA82883A49C8}.Debug|Any CPU.Build.0 = Debug|Any CPU
		{97C13F72-8A67-9A4F-9C74-EA82883A49C8}.Release|Any CPU.ActiveCfg = Release|Any CPU
		{97C13F72-8A67-9A4F-9C74-EA82883A49C8}.Release|Any CPU.Build.0 = Release|Any CPU
		{89D1D78A-6EC0-DEFB-2D1F-E03942031F73}.Debug|Any CPU.ActiveCfg = Debug|Any CPU
		{89D1D78A-6EC0-DEFB-2D1F-E03942031F73}.Debug|Any CPU.Build.0 = Debug|Any CPU
		{89D1D78A-6EC0-DEFB-2D1F-E03942031F73}.Release|Any CPU.ActiveCfg = Release|Any CPU
		{89D1D78A-6EC0-DEFB-2D1F-E03942031F73}.Release|Any CPU.Build.0 = Release|Any CPU
		{98A2355B-0E10-11FF-5168-45A5FAE440B1}.Debug|Any CPU.ActiveCfg = Debug|Any CPU
		{98A2355B-0E10-11FF-5168-45A5FAE440B1}.Debug|Any CPU.Build.0 = Debug|Any CPU
		{98A2355B-0E10-11FF-5168-45A5FAE440B1}.Release|Any CPU.ActiveCfg = Release|Any CPU
		{98A2355B-0E10-11FF-5168-45A5FAE440B1}.Release|Any CPU.Build.0 = Release|Any CPU
		{3E3B5635-3684-BB56-193F-DBAE6BD89BE5}.Debug|Any CPU.ActiveCfg = Debug|Any CPU
		{3E3B5635-3684-BB56-193F-DBAE6BD89BE5}.Debug|Any CPU.Build.0 = Debug|Any CPU
		{3E3B5635-3684-BB56-193F-DBAE6BD89BE5}.Release|Any CPU.ActiveCfg = Release|Any CPU
		{3E3B5635-3684-BB56-193F-DBAE6BD89BE5}.Release|Any CPU.Build.0 = Release|Any CPU
	EndGlobalSection
	GlobalSection(SolutionProperties) = preSolution
		HideSolutionNode = FALSE
	EndGlobalSection
EndGlobal
